// !$*UTF8*$!
{
	archiveVersion = 1;
	classes = {
	};
	objectVersion = 55;
	objects = {

/* Begin PBXBuildFile section */
		C701D277275A923800A0B1B8 /* ForgotPasswordView.swift in Sources */ = {isa = PBXBuildFile; fileRef = C701D276275A923800A0B1B8 /* ForgotPasswordView.swift */; };
		C701D27A275AA1B200A0B1B8 /* AuthState.swift in Sources */ = {isa = PBXBuildFile; fileRef = C701D279275AA1B200A0B1B8 /* AuthState.swift */; };
		C701D27C275AA20C00A0B1B8 /* AUSTTravel.swift in Sources */ = {isa = PBXBuildFile; fileRef = C701D27B275AA20C00A0B1B8 /* AUSTTravel.swift */; };
		C701D280275AA2E500A0B1B8 /* HomeView.swift in Sources */ = {isa = PBXBuildFile; fileRef = C701D27F275AA2E500A0B1B8 /* HomeView.swift */; };
		C701D282275AA31800A0B1B8 /* AuthView.swift in Sources */ = {isa = PBXBuildFile; fileRef = C701D281275AA31800A0B1B8 /* AuthView.swift */; };
		C701D284275AA55000A0B1B8 /* GoogleService-Info.plist in Resources */ = {isa = PBXBuildFile; fileRef = C701D283275AA55000A0B1B8 /* GoogleService-Info.plist */; };
		C701D287275AA5FC00A0B1B8 /* FirebaseAnalytics in Frameworks */ = {isa = PBXBuildFile; productRef = C701D286275AA5FC00A0B1B8 /* FirebaseAnalytics */; };
		C701D289275AA5FC00A0B1B8 /* FirebaseAnalyticsSwift-Beta in Frameworks */ = {isa = PBXBuildFile; productRef = C701D288275AA5FC00A0B1B8 /* FirebaseAnalyticsSwift-Beta */; };
		C701D28B275AA5FC00A0B1B8 /* FirebaseAuth in Frameworks */ = {isa = PBXBuildFile; productRef = C701D28A275AA5FC00A0B1B8 /* FirebaseAuth */; };
		C701D28D275AA5FC00A0B1B8 /* FirebaseAuthCombine-Community in Frameworks */ = {isa = PBXBuildFile; productRef = C701D28C275AA5FC00A0B1B8 /* FirebaseAuthCombine-Community */; };
		C701D28F275AA5FC00A0B1B8 /* FirebaseCrashlytics in Frameworks */ = {isa = PBXBuildFile; productRef = C701D28E275AA5FC00A0B1B8 /* FirebaseCrashlytics */; };
		C701D291275AA5FC00A0B1B8 /* FirebaseDatabase in Frameworks */ = {isa = PBXBuildFile; productRef = C701D290275AA5FC00A0B1B8 /* FirebaseDatabase */; };
		C701D293275AA5FC00A0B1B8 /* FirebaseDatabaseSwift-Beta in Frameworks */ = {isa = PBXBuildFile; productRef = C701D292275AA5FC00A0B1B8 /* FirebaseDatabaseSwift-Beta */; };
		C701D295275AA5FC00A0B1B8 /* FirebaseInAppMessaging-Beta in Frameworks */ = {isa = PBXBuildFile; productRef = C701D294275AA5FC00A0B1B8 /* FirebaseInAppMessaging-Beta */; };
		C701D297275AA5FC00A0B1B8 /* FirebaseMessaging in Frameworks */ = {isa = PBXBuildFile; productRef = C701D296275AA5FC00A0B1B8 /* FirebaseMessaging */; };
		C701D299275AA5FC00A0B1B8 /* FirebasePerformance in Frameworks */ = {isa = PBXBuildFile; productRef = C701D298275AA5FC00A0B1B8 /* FirebasePerformance */; };
		C701D29B275AA6F300A0B1B8 /* UserInfo.swift in Sources */ = {isa = PBXBuildFile; fileRef = C701D29A275AA6F300A0B1B8 /* UserInfo.swift */; };
		C701D29E275AA93000A0B1B8 /* AuthViewModel.swift in Sources */ = {isa = PBXBuildFile; fileRef = C701D29D275AA93000A0B1B8 /* AuthViewModel.swift */; };
		C701D2A1275AA9A600A0B1B8 /* Defaults in Frameworks */ = {isa = PBXBuildFile; productRef = C701D2A0275AA9A600A0B1B8 /* Defaults */; };
		C701D2A4275ABA9A00A0B1B8 /* SPAlert in Frameworks */ = {isa = PBXBuildFile; productRef = C701D2A3275ABA9A00A0B1B8 /* SPAlert */; };
		C701D2A6275ABCC200A0B1B8 /* Icon.swift in Sources */ = {isa = PBXBuildFile; fileRef = C701D2A5275ABCC200A0B1B8 /* Icon.swift */; };
		C701D2AC275B7C7600A0B1B8 /* ABTextField.swift in Sources */ = {isa = PBXBuildFile; fileRef = C701D2AB275B7C7600A0B1B8 /* ABTextField.swift */; };
		C701D2AE275BAACC00A0B1B8 /* HapticFeedback.swift in Sources */ = {isa = PBXBuildFile; fileRef = C701D2AD275BAACC00A0B1B8 /* HapticFeedback.swift */; };
		C701D2B0275BBA7400A0B1B8 /* UIApplication+Ex.swift in Sources */ = {isa = PBXBuildFile; fileRef = C701D2AF275BBA7400A0B1B8 /* UIApplication+Ex.swift */; };
		C701D2B5275BDE3200A0B1B8 /* ABURLImage.swift in Sources */ = {isa = PBXBuildFile; fileRef = C701D2B4275BDE3200A0B1B8 /* ABURLImage.swift */; };
		C701D2B7275BE4AF00A0B1B8 /* Defaults+Ex.swift in Sources */ = {isa = PBXBuildFile; fileRef = C701D2B6275BE4AF00A0B1B8 /* Defaults+Ex.swift */; };
		C701D2B9275BF23900A0B1B8 /* HomeViewModel.swift in Sources */ = {isa = PBXBuildFile; fileRef = C701D2B8275BF23900A0B1B8 /* HomeViewModel.swift */; };
		C701D2BB275BF31600A0B1B8 /* Volunteer.swift in Sources */ = {isa = PBXBuildFile; fileRef = C701D2BA275BF31600A0B1B8 /* Volunteer.swift */; };
		C72032F7275A4BBF0046C48D /* DropDown.swift in Sources */ = {isa = PBXBuildFile; fileRef = C72032F6275A4BBE0046C48D /* DropDown.swift */; };
		C72032F9275A62E30046C48D /* SignUpView.swift in Sources */ = {isa = PBXBuildFile; fileRef = C72032F8275A62E30046C48D /* SignUpView.swift */; };
		C743A7DE27566C6E00F9D6FC /* ContentView.swift in Sources */ = {isa = PBXBuildFile; fileRef = C743A7DD27566C6E00F9D6FC /* ContentView.swift */; };
		C743A7E027566C7200F9D6FC /* Assets.xcassets in Resources */ = {isa = PBXBuildFile; fileRef = C743A7DF27566C7200F9D6FC /* Assets.xcassets */; };
		C743A7E327566C7200F9D6FC /* Preview Assets.xcassets in Resources */ = {isa = PBXBuildFile; fileRef = C743A7E227566C7200F9D6FC /* Preview Assets.xcassets */; };
		C743A7ED27566C7200F9D6FC /* AUSTTravelsTests.swift in Sources */ = {isa = PBXBuildFile; fileRef = C743A7EC27566C7200F9D6FC /* AUSTTravelsTests.swift */; };
		C743A7F727566C7200F9D6FC /* AUSTTravelsUITests.swift in Sources */ = {isa = PBXBuildFile; fileRef = C743A7F627566C7200F9D6FC /* AUSTTravelsUITests.swift */; };
		C743A7F927566C7200F9D6FC /* AUSTTravelsUITestsLaunchTests.swift in Sources */ = {isa = PBXBuildFile; fileRef = C743A7F827566C7200F9D6FC /* AUSTTravelsUITestsLaunchTests.swift */; };
		C743A8072756797400F9D6FC /* SceneDelegate.swift in Sources */ = {isa = PBXBuildFile; fileRef = C743A8052756797400F9D6FC /* SceneDelegate.swift */; };
		C743A8082756797400F9D6FC /* AppDelegate.swift in Sources */ = {isa = PBXBuildFile; fileRef = C743A8062756797400F9D6FC /* AppDelegate.swift */; };
		C743A80B275679CE00F9D6FC /* Launch Screen.storyboard in Resources */ = {isa = PBXBuildFile; fileRef = C743A80A275679CE00F9D6FC /* Launch Screen.storyboard */; };
		C743A8142756824800F9D6FC /* SairaCondensed-Regular.ttf in Resources */ = {isa = PBXBuildFile; fileRef = C743A80F2756824700F9D6FC /* SairaCondensed-Regular.ttf */; };
		C743A8152756824800F9D6FC /* SairaCondensed-Medium.ttf in Resources */ = {isa = PBXBuildFile; fileRef = C743A8102756824800F9D6FC /* SairaCondensed-Medium.ttf */; };
		C743A8162756824800F9D6FC /* SairaCondensed-Light.ttf in Resources */ = {isa = PBXBuildFile; fileRef = C743A8112756824800F9D6FC /* SairaCondensed-Light.ttf */; };
		C743A8172756824800F9D6FC /* SairaCondensed-SemiBold.ttf in Resources */ = {isa = PBXBuildFile; fileRef = C743A8122756824800F9D6FC /* SairaCondensed-SemiBold.ttf */; };
		C743A8182756824800F9D6FC /* SairaCondensed-Bold.ttf in Resources */ = {isa = PBXBuildFile; fileRef = C743A8132756824800F9D6FC /* SairaCondensed-Bold.ttf */; };
		C743A81A275682E300F9D6FC /* GenericFont.swift in Sources */ = {isa = PBXBuildFile; fileRef = C743A819275682E300F9D6FC /* GenericFont.swift */; };
		C743A81D275683E500F9D6FC /* Color+Ex.swift in Sources */ = {isa = PBXBuildFile; fileRef = C743A81C275683E500F9D6FC /* Color+Ex.swift */; };
		C743A81F2756843100F9D6FC /* View+Ex.swift in Sources */ = {isa = PBXBuildFile; fileRef = C743A81E2756843100F9D6FC /* View+Ex.swift */; };
		C743A8212756847600F9D6FC /* Int+Ex.swift in Sources */ = {isa = PBXBuildFile; fileRef = C743A8202756847600F9D6FC /* Int+Ex.swift */; };
		C743A82427569CAA00F9D6FC /* SignInView.swift in Sources */ = {isa = PBXBuildFile; fileRef = C743A82327569CAA00F9D6FC /* SignInView.swift */; };
		C743A8382757B15A00F9D6FC /* ABButton.swift in Sources */ = {isa = PBXBuildFile; fileRef = C743A8372757B15A00F9D6FC /* ABButton.swift */; };
/* End PBXBuildFile section */

/* Begin PBXContainerItemProxy section */
		C743A7E927566C7200F9D6FC /* PBXContainerItemProxy */ = {
			isa = PBXContainerItemProxy;
			containerPortal = C743A7D027566C6E00F9D6FC /* Project object */;
			proxyType = 1;
			remoteGlobalIDString = C743A7D727566C6E00F9D6FC;
			remoteInfo = AUSTTravels;
		};
		C743A7F327566C7200F9D6FC /* PBXContainerItemProxy */ = {
			isa = PBXContainerItemProxy;
			containerPortal = C743A7D027566C6E00F9D6FC /* Project object */;
			proxyType = 1;
			remoteGlobalIDString = C743A7D727566C6E00F9D6FC;
			remoteInfo = AUSTTravels;
		};
/* End PBXContainerItemProxy section */

/* Begin PBXFileReference section */
		C701D276275A923800A0B1B8 /* ForgotPasswordView.swift */ = {isa = PBXFileReference; lastKnownFileType = sourcecode.swift; path = ForgotPasswordView.swift; sourceTree = "<group>"; };
		C701D279275AA1B200A0B1B8 /* AuthState.swift */ = {isa = PBXFileReference; lastKnownFileType = sourcecode.swift; path = AuthState.swift; sourceTree = "<group>"; };
		C701D27B275AA20C00A0B1B8 /* AUSTTravel.swift */ = {isa = PBXFileReference; lastKnownFileType = sourcecode.swift; path = AUSTTravel.swift; sourceTree = "<group>"; };
		C701D27F275AA2E500A0B1B8 /* HomeView.swift */ = {isa = PBXFileReference; lastKnownFileType = sourcecode.swift; path = HomeView.swift; sourceTree = "<group>"; };
		C701D281275AA31800A0B1B8 /* AuthView.swift */ = {isa = PBXFileReference; lastKnownFileType = sourcecode.swift; path = AuthView.swift; sourceTree = "<group>"; };
		C701D283275AA55000A0B1B8 /* GoogleService-Info.plist */ = {isa = PBXFileReference; fileEncoding = 4; lastKnownFileType = text.plist.xml; path = "GoogleService-Info.plist"; sourceTree = "<group>"; };
		C701D29A275AA6F300A0B1B8 /* UserInfo.swift */ = {isa = PBXFileReference; lastKnownFileType = sourcecode.swift; path = UserInfo.swift; sourceTree = "<group>"; };
		C701D29D275AA93000A0B1B8 /* AuthViewModel.swift */ = {isa = PBXFileReference; lastKnownFileType = sourcecode.swift; path = AuthViewModel.swift; sourceTree = "<group>"; };
		C701D2A5275ABCC200A0B1B8 /* Icon.swift */ = {isa = PBXFileReference; lastKnownFileType = sourcecode.swift; path = Icon.swift; sourceTree = "<group>"; };
		C701D2AB275B7C7600A0B1B8 /* ABTextField.swift */ = {isa = PBXFileReference; lastKnownFileType = sourcecode.swift; path = ABTextField.swift; sourceTree = "<group>"; };
		C701D2AD275BAACC00A0B1B8 /* HapticFeedback.swift */ = {isa = PBXFileReference; lastKnownFileType = sourcecode.swift; path = HapticFeedback.swift; sourceTree = "<group>"; };
		C701D2AF275BBA7400A0B1B8 /* UIApplication+Ex.swift */ = {isa = PBXFileReference; lastKnownFileType = sourcecode.swift; path = "UIApplication+Ex.swift"; sourceTree = "<group>"; };
		C701D2B4275BDE3200A0B1B8 /* ABURLImage.swift */ = {isa = PBXFileReference; lastKnownFileType = sourcecode.swift; path = ABURLImage.swift; sourceTree = "<group>"; };
		C701D2B6275BE4AF00A0B1B8 /* Defaults+Ex.swift */ = {isa = PBXFileReference; lastKnownFileType = sourcecode.swift; path = "Defaults+Ex.swift"; sourceTree = "<group>"; };
		C701D2B8275BF23900A0B1B8 /* HomeViewModel.swift */ = {isa = PBXFileReference; lastKnownFileType = sourcecode.swift; path = HomeViewModel.swift; sourceTree = "<group>"; };
		C701D2BA275BF31600A0B1B8 /* Volunteer.swift */ = {isa = PBXFileReference; lastKnownFileType = sourcecode.swift; path = Volunteer.swift; sourceTree = "<group>"; };
		C72032F6275A4BBE0046C48D /* DropDown.swift */ = {isa = PBXFileReference; lastKnownFileType = sourcecode.swift; path = DropDown.swift; sourceTree = "<group>"; };
		C72032F8275A62E30046C48D /* SignUpView.swift */ = {isa = PBXFileReference; lastKnownFileType = sourcecode.swift; path = SignUpView.swift; sourceTree = "<group>"; };
		C743A7D827566C6E00F9D6FC /* AUSTTravels.app */ = {isa = PBXFileReference; explicitFileType = wrapper.application; includeInIndex = 0; path = AUSTTravels.app; sourceTree = BUILT_PRODUCTS_DIR; };
		C743A7DD27566C6E00F9D6FC /* ContentView.swift */ = {isa = PBXFileReference; lastKnownFileType = sourcecode.swift; path = ContentView.swift; sourceTree = "<group>"; };
		C743A7DF27566C7200F9D6FC /* Assets.xcassets */ = {isa = PBXFileReference; lastKnownFileType = folder.assetcatalog; path = Assets.xcassets; sourceTree = "<group>"; };
		C743A7E227566C7200F9D6FC /* Preview Assets.xcassets */ = {isa = PBXFileReference; lastKnownFileType = folder.assetcatalog; path = "Preview Assets.xcassets"; sourceTree = "<group>"; };
		C743A7E827566C7200F9D6FC /* AUSTTravelsTests.xctest */ = {isa = PBXFileReference; explicitFileType = wrapper.cfbundle; includeInIndex = 0; path = AUSTTravelsTests.xctest; sourceTree = BUILT_PRODUCTS_DIR; };
		C743A7EC27566C7200F9D6FC /* AUSTTravelsTests.swift */ = {isa = PBXFileReference; lastKnownFileType = sourcecode.swift; path = AUSTTravelsTests.swift; sourceTree = "<group>"; };
		C743A7F227566C7200F9D6FC /* AUSTTravelsUITests.xctest */ = {isa = PBXFileReference; explicitFileType = wrapper.cfbundle; includeInIndex = 0; path = AUSTTravelsUITests.xctest; sourceTree = BUILT_PRODUCTS_DIR; };
		C743A7F627566C7200F9D6FC /* AUSTTravelsUITests.swift */ = {isa = PBXFileReference; lastKnownFileType = sourcecode.swift; path = AUSTTravelsUITests.swift; sourceTree = "<group>"; };
		C743A7F827566C7200F9D6FC /* AUSTTravelsUITestsLaunchTests.swift */ = {isa = PBXFileReference; lastKnownFileType = sourcecode.swift; path = AUSTTravelsUITestsLaunchTests.swift; sourceTree = "<group>"; };
		C743A8052756797400F9D6FC /* SceneDelegate.swift */ = {isa = PBXFileReference; fileEncoding = 4; lastKnownFileType = sourcecode.swift; path = SceneDelegate.swift; sourceTree = "<group>"; };
		C743A8062756797400F9D6FC /* AppDelegate.swift */ = {isa = PBXFileReference; fileEncoding = 4; lastKnownFileType = sourcecode.swift; path = AppDelegate.swift; sourceTree = "<group>"; };
		C743A80A275679CE00F9D6FC /* Launch Screen.storyboard */ = {isa = PBXFileReference; lastKnownFileType = file.storyboard; path = "Launch Screen.storyboard"; sourceTree = "<group>"; };
		C743A80C27567A1D00F9D6FC /* Info.plist */ = {isa = PBXFileReference; lastKnownFileType = text.plist; path = Info.plist; sourceTree = "<group>"; };
		C743A80F2756824700F9D6FC /* SairaCondensed-Regular.ttf */ = {isa = PBXFileReference; lastKnownFileType = file; path = "SairaCondensed-Regular.ttf"; sourceTree = "<group>"; };
		C743A8102756824800F9D6FC /* SairaCondensed-Medium.ttf */ = {isa = PBXFileReference; lastKnownFileType = file; path = "SairaCondensed-Medium.ttf"; sourceTree = "<group>"; };
		C743A8112756824800F9D6FC /* SairaCondensed-Light.ttf */ = {isa = PBXFileReference; lastKnownFileType = file; path = "SairaCondensed-Light.ttf"; sourceTree = "<group>"; };
		C743A8122756824800F9D6FC /* SairaCondensed-SemiBold.ttf */ = {isa = PBXFileReference; lastKnownFileType = file; path = "SairaCondensed-SemiBold.ttf"; sourceTree = "<group>"; };
		C743A8132756824800F9D6FC /* SairaCondensed-Bold.ttf */ = {isa = PBXFileReference; lastKnownFileType = file; path = "SairaCondensed-Bold.ttf"; sourceTree = "<group>"; };
		C743A819275682E300F9D6FC /* GenericFont.swift */ = {isa = PBXFileReference; lastKnownFileType = sourcecode.swift; path = GenericFont.swift; sourceTree = "<group>"; };
		C743A81C275683E500F9D6FC /* Color+Ex.swift */ = {isa = PBXFileReference; lastKnownFileType = sourcecode.swift; path = "Color+Ex.swift"; sourceTree = "<group>"; };
		C743A81E2756843100F9D6FC /* View+Ex.swift */ = {isa = PBXFileReference; lastKnownFileType = sourcecode.swift; path = "View+Ex.swift"; sourceTree = "<group>"; };
		C743A8202756847600F9D6FC /* Int+Ex.swift */ = {isa = PBXFileReference; lastKnownFileType = sourcecode.swift; path = "Int+Ex.swift"; sourceTree = "<group>"; };
		C743A82327569CAA00F9D6FC /* SignInView.swift */ = {isa = PBXFileReference; lastKnownFileType = sourcecode.swift; path = SignInView.swift; sourceTree = "<group>"; };
		C743A8372757B15A00F9D6FC /* ABButton.swift */ = {isa = PBXFileReference; lastKnownFileType = sourcecode.swift; path = ABButton.swift; sourceTree = "<group>"; };
/* End PBXFileReference section */

/* Begin PBXFrameworksBuildPhase section */
		C743A7D527566C6E00F9D6FC /* Frameworks */ = {
			isa = PBXFrameworksBuildPhase;
			buildActionMask = 2147483647;
			files = (
				C701D297275AA5FC00A0B1B8 /* FirebaseMessaging in Frameworks */,
				C701D291275AA5FC00A0B1B8 /* FirebaseDatabase in Frameworks */,
				C701D299275AA5FC00A0B1B8 /* FirebasePerformance in Frameworks */,
				C701D289275AA5FC00A0B1B8 /* FirebaseAnalyticsSwift-Beta in Frameworks */,
				C701D28B275AA5FC00A0B1B8 /* FirebaseAuth in Frameworks */,
				C701D2A1275AA9A600A0B1B8 /* Defaults in Frameworks */,
				C701D2A4275ABA9A00A0B1B8 /* SPAlert in Frameworks */,
				C701D295275AA5FC00A0B1B8 /* FirebaseInAppMessaging-Beta in Frameworks */,
				C701D28F275AA5FC00A0B1B8 /* FirebaseCrashlytics in Frameworks */,
				C701D287275AA5FC00A0B1B8 /* FirebaseAnalytics in Frameworks */,
				C701D293275AA5FC00A0B1B8 /* FirebaseDatabaseSwift-Beta in Frameworks */,
				C701D28D275AA5FC00A0B1B8 /* FirebaseAuthCombine-Community in Frameworks */,
			);
			runOnlyForDeploymentPostprocessing = 0;
		};
		C743A7E527566C7200F9D6FC /* Frameworks */ = {
			isa = PBXFrameworksBuildPhase;
			buildActionMask = 2147483647;
			files = (
			);
			runOnlyForDeploymentPostprocessing = 0;
		};
		C743A7EF27566C7200F9D6FC /* Frameworks */ = {
			isa = PBXFrameworksBuildPhase;
			buildActionMask = 2147483647;
			files = (
			);
			runOnlyForDeploymentPostprocessing = 0;
		};
/* End PBXFrameworksBuildPhase section */

/* Begin PBXGroup section */
		C701D278275AA1A400A0B1B8 /* Model */ = {
			isa = PBXGroup;
			children = (
				C701D279275AA1B200A0B1B8 /* AuthState.swift */,
				C701D29A275AA6F300A0B1B8 /* UserInfo.swift */,
				C701D2AD275BAACC00A0B1B8 /* HapticFeedback.swift */,
				C701D2BA275BF31600A0B1B8 /* Volunteer.swift */,
			);
			path = Model;
			sourceTree = "<group>";
		};
		C701D27D275AA27C00A0B1B8 /* Auth */ = {
			isa = PBXGroup;
			children = (
				C743A82327569CAA00F9D6FC /* SignInView.swift */,
				C72032F8275A62E30046C48D /* SignUpView.swift */,
				C701D276275A923800A0B1B8 /* ForgotPasswordView.swift */,
				C701D281275AA31800A0B1B8 /* AuthView.swift */,
			);
			path = Auth;
			sourceTree = "<group>";
		};
		C701D27E275AA2DC00A0B1B8 /* Home */ = {
			isa = PBXGroup;
			children = (
				C701D27F275AA2E500A0B1B8 /* HomeView.swift */,
			);
			path = Home;
			sourceTree = "<group>";
		};
		C701D29C275AA91700A0B1B8 /* ViewModel */ = {
			isa = PBXGroup;
			children = (
				C701D29D275AA93000A0B1B8 /* AuthViewModel.swift */,
				C701D2B8275BF23900A0B1B8 /* HomeViewModel.swift */,
			);
			path = ViewModel;
			sourceTree = "<group>";
		};
		C743A7CF27566C6E00F9D6FC = {
			isa = PBXGroup;
			children = (
				C743A7DA27566C6E00F9D6FC /* AUSTTravels */,
				C743A7EB27566C7200F9D6FC /* AUSTTravelsTests */,
				C743A7F527566C7200F9D6FC /* AUSTTravelsUITests */,
				C743A7D927566C6E00F9D6FC /* Products */,
			);
			sourceTree = "<group>";
		};
		C743A7D927566C6E00F9D6FC /* Products */ = {
			isa = PBXGroup;
			children = (
				C743A7D827566C6E00F9D6FC /* AUSTTravels.app */,
				C743A7E827566C7200F9D6FC /* AUSTTravelsTests.xctest */,
				C743A7F227566C7200F9D6FC /* AUSTTravelsUITests.xctest */,
			);
			name = Products;
			sourceTree = "<group>";
		};
		C743A7DA27566C6E00F9D6FC /* AUSTTravels */ = {
			isa = PBXGroup;
			children = (
				C701D29C275AA91700A0B1B8 /* ViewModel */,
				C701D283275AA55000A0B1B8 /* GoogleService-Info.plist */,
				C701D278275AA1A400A0B1B8 /* Model */,
				C743A8282757A32100F9D6FC /* Components */,
				C743A82227569C9200F9D6FC /* View */,
				C743A81B275683AD00F9D6FC /* Extension */,
				C743A80E2756821A00F9D6FC /* Font */,
				C743A80C27567A1D00F9D6FC /* Info.plist */,
				C743A8092756797700F9D6FC /* App */,
				C743A7DF27566C7200F9D6FC /* Assets.xcassets */,
				C743A7E127566C7200F9D6FC /* Preview Content */,
				C743A80A275679CE00F9D6FC /* Launch Screen.storyboard */,
			);
			path = AUSTTravels;
			sourceTree = "<group>";
		};
		C743A7E127566C7200F9D6FC /* Preview Content */ = {
			isa = PBXGroup;
			children = (
				C743A7E227566C7200F9D6FC /* Preview Assets.xcassets */,
			);
			path = "Preview Content";
			sourceTree = "<group>";
		};
		C743A7EB27566C7200F9D6FC /* AUSTTravelsTests */ = {
			isa = PBXGroup;
			children = (
				C743A7EC27566C7200F9D6FC /* AUSTTravelsTests.swift */,
			);
			path = AUSTTravelsTests;
			sourceTree = "<group>";
		};
		C743A7F527566C7200F9D6FC /* AUSTTravelsUITests */ = {
			isa = PBXGroup;
			children = (
				C743A7F627566C7200F9D6FC /* AUSTTravelsUITests.swift */,
				C743A7F827566C7200F9D6FC /* AUSTTravelsUITestsLaunchTests.swift */,
			);
			path = AUSTTravelsUITests;
			sourceTree = "<group>";
		};
		C743A8092756797700F9D6FC /* App */ = {
			isa = PBXGroup;
			children = (
				C743A7DD27566C6E00F9D6FC /* ContentView.swift */,
				C743A8062756797400F9D6FC /* AppDelegate.swift */,
				C743A8052756797400F9D6FC /* SceneDelegate.swift */,
				C701D27B275AA20C00A0B1B8 /* AUSTTravel.swift */,
			);
			path = App;
			sourceTree = "<group>";
		};
		C743A80E2756821A00F9D6FC /* Font */ = {
			isa = PBXGroup;
			children = (
				C743A8132756824800F9D6FC /* SairaCondensed-Bold.ttf */,
				C743A8112756824800F9D6FC /* SairaCondensed-Light.ttf */,
				C743A8102756824800F9D6FC /* SairaCondensed-Medium.ttf */,
				C743A80F2756824700F9D6FC /* SairaCondensed-Regular.ttf */,
				C743A8122756824800F9D6FC /* SairaCondensed-SemiBold.ttf */,
				C743A819275682E300F9D6FC /* GenericFont.swift */,
			);
			path = Font;
			sourceTree = "<group>";
		};
		C743A81B275683AD00F9D6FC /* Extension */ = {
			isa = PBXGroup;
			children = (
				C743A81C275683E500F9D6FC /* Color+Ex.swift */,
				C743A81E2756843100F9D6FC /* View+Ex.swift */,
				C743A8202756847600F9D6FC /* Int+Ex.swift */,
				C701D2AF275BBA7400A0B1B8 /* UIApplication+Ex.swift */,
				C701D2B6275BE4AF00A0B1B8 /* Defaults+Ex.swift */,
			);
			path = Extension;
			sourceTree = "<group>";
		};
		C743A82227569C9200F9D6FC /* View */ = {
			isa = PBXGroup;
			children = (
				C701D27E275AA2DC00A0B1B8 /* Home */,
				C701D27D275AA27C00A0B1B8 /* Auth */,
			);
			path = View;
			sourceTree = "<group>";
		};
		C743A8282757A32100F9D6FC /* Components */ = {
			isa = PBXGroup;
			children = (
				C743A8372757B15A00F9D6FC /* ABButton.swift */,
				C72032F6275A4BBE0046C48D /* DropDown.swift */,
				C701D2A5275ABCC200A0B1B8 /* Icon.swift */,
				C701D2AB275B7C7600A0B1B8 /* ABTextField.swift */,
				C701D2B4275BDE3200A0B1B8 /* ABURLImage.swift */,
			);
			path = Components;
			sourceTree = "<group>";
		};
/* End PBXGroup section */

/* Begin PBXNativeTarget section */
		C743A7D727566C6E00F9D6FC /* AUSTTravels */ = {
			isa = PBXNativeTarget;
			buildConfigurationList = C743A7FC27566C7200F9D6FC /* Build configuration list for PBXNativeTarget "AUSTTravels" */;
			buildPhases = (
				C743A7D427566C6E00F9D6FC /* Sources */,
				C743A7D527566C6E00F9D6FC /* Frameworks */,
				C743A7D627566C6E00F9D6FC /* Resources */,
			);
			buildRules = (
			);
			dependencies = (
			);
			name = AUSTTravels;
			packageProductDependencies = (
				C701D286275AA5FC00A0B1B8 /* FirebaseAnalytics */,
				C701D288275AA5FC00A0B1B8 /* FirebaseAnalyticsSwift-Beta */,
				C701D28A275AA5FC00A0B1B8 /* FirebaseAuth */,
				C701D28C275AA5FC00A0B1B8 /* FirebaseAuthCombine-Community */,
				C701D28E275AA5FC00A0B1B8 /* FirebaseCrashlytics */,
				C701D290275AA5FC00A0B1B8 /* FirebaseDatabase */,
				C701D292275AA5FC00A0B1B8 /* FirebaseDatabaseSwift-Beta */,
				C701D294275AA5FC00A0B1B8 /* FirebaseInAppMessaging-Beta */,
				C701D296275AA5FC00A0B1B8 /* FirebaseMessaging */,
				C701D298275AA5FC00A0B1B8 /* FirebasePerformance */,
				C701D2A0275AA9A600A0B1B8 /* Defaults */,
				C701D2A3275ABA9A00A0B1B8 /* SPAlert */,
			);
			productName = AUSTTravels;
			productReference = C743A7D827566C6E00F9D6FC /* AUSTTravels.app */;
			productType = "com.apple.product-type.application";
		};
		C743A7E727566C7200F9D6FC /* AUSTTravelsTests */ = {
			isa = PBXNativeTarget;
			buildConfigurationList = C743A7FF27566C7200F9D6FC /* Build configuration list for PBXNativeTarget "AUSTTravelsTests" */;
			buildPhases = (
				C743A7E427566C7200F9D6FC /* Sources */,
				C743A7E527566C7200F9D6FC /* Frameworks */,
				C743A7E627566C7200F9D6FC /* Resources */,
			);
			buildRules = (
			);
			dependencies = (
				C743A7EA27566C7200F9D6FC /* PBXTargetDependency */,
			);
			name = AUSTTravelsTests;
			productName = AUSTTravelsTests;
			productReference = C743A7E827566C7200F9D6FC /* AUSTTravelsTests.xctest */;
			productType = "com.apple.product-type.bundle.unit-test";
		};
		C743A7F127566C7200F9D6FC /* AUSTTravelsUITests */ = {
			isa = PBXNativeTarget;
			buildConfigurationList = C743A80227566C7200F9D6FC /* Build configuration list for PBXNativeTarget "AUSTTravelsUITests" */;
			buildPhases = (
				C743A7EE27566C7200F9D6FC /* Sources */,
				C743A7EF27566C7200F9D6FC /* Frameworks */,
				C743A7F027566C7200F9D6FC /* Resources */,
			);
			buildRules = (
			);
			dependencies = (
				C743A7F427566C7200F9D6FC /* PBXTargetDependency */,
			);
			name = AUSTTravelsUITests;
			productName = AUSTTravelsUITests;
			productReference = C743A7F227566C7200F9D6FC /* AUSTTravelsUITests.xctest */;
			productType = "com.apple.product-type.bundle.ui-testing";
		};
/* End PBXNativeTarget section */

/* Begin PBXProject section */
		C743A7D027566C6E00F9D6FC /* Project object */ = {
			isa = PBXProject;
			attributes = {
				BuildIndependentTargetsInParallel = 1;
				LastSwiftUpdateCheck = 1310;
				LastUpgradeCheck = 1310;
				ORGANIZATIONNAME = "Shahriar Nasim Nafi";
				TargetAttributes = {
					C743A7D727566C6E00F9D6FC = {
						CreatedOnToolsVersion = 13.1;
					};
					C743A7E727566C7200F9D6FC = {
						CreatedOnToolsVersion = 13.1;
						TestTargetID = C743A7D727566C6E00F9D6FC;
					};
					C743A7F127566C7200F9D6FC = {
						CreatedOnToolsVersion = 13.1;
						TestTargetID = C743A7D727566C6E00F9D6FC;
					};
				};
			};
			buildConfigurationList = C743A7D327566C6E00F9D6FC /* Build configuration list for PBXProject "AUSTTravels" */;
			compatibilityVersion = "Xcode 13.0";
			developmentRegion = en;
			hasScannedForEncodings = 0;
			knownRegions = (
				en,
				Base,
			);
			mainGroup = C743A7CF27566C6E00F9D6FC;
			packageReferences = (
				C701D285275AA5FC00A0B1B8 /* XCRemoteSwiftPackageReference "firebase-ios-sdk" */,
				C701D29F275AA9A600A0B1B8 /* XCRemoteSwiftPackageReference "Defaults" */,
				C701D2A2275ABA9A00A0B1B8 /* XCRemoteSwiftPackageReference "SPAlert" */,
			);
			productRefGroup = C743A7D927566C6E00F9D6FC /* Products */;
			projectDirPath = "";
			projectRoot = "";
			targets = (
				C743A7D727566C6E00F9D6FC /* AUSTTravels */,
				C743A7E727566C7200F9D6FC /* AUSTTravelsTests */,
				C743A7F127566C7200F9D6FC /* AUSTTravelsUITests */,
			);
		};
/* End PBXProject section */

/* Begin PBXResourcesBuildPhase section */
		C743A7D627566C6E00F9D6FC /* Resources */ = {
			isa = PBXResourcesBuildPhase;
			buildActionMask = 2147483647;
			files = (
				C743A8162756824800F9D6FC /* SairaCondensed-Light.ttf in Resources */,
				C743A8142756824800F9D6FC /* SairaCondensed-Regular.ttf in Resources */,
				C701D284275AA55000A0B1B8 /* GoogleService-Info.plist in Resources */,
				C743A80B275679CE00F9D6FC /* Launch Screen.storyboard in Resources */,
				C743A7E327566C7200F9D6FC /* Preview Assets.xcassets in Resources */,
				C743A8182756824800F9D6FC /* SairaCondensed-Bold.ttf in Resources */,
				C743A8172756824800F9D6FC /* SairaCondensed-SemiBold.ttf in Resources */,
				C743A7E027566C7200F9D6FC /* Assets.xcassets in Resources */,
				C743A8152756824800F9D6FC /* SairaCondensed-Medium.ttf in Resources */,
			);
			runOnlyForDeploymentPostprocessing = 0;
		};
		C743A7E627566C7200F9D6FC /* Resources */ = {
			isa = PBXResourcesBuildPhase;
			buildActionMask = 2147483647;
			files = (
			);
			runOnlyForDeploymentPostprocessing = 0;
		};
		C743A7F027566C7200F9D6FC /* Resources */ = {
			isa = PBXResourcesBuildPhase;
			buildActionMask = 2147483647;
			files = (
			);
			runOnlyForDeploymentPostprocessing = 0;
		};
/* End PBXResourcesBuildPhase section */

/* Begin PBXSourcesBuildPhase section */
		C743A7D427566C6E00F9D6FC /* Sources */ = {
			isa = PBXSourcesBuildPhase;
			buildActionMask = 2147483647;
			files = (
				C701D2BB275BF31600A0B1B8 /* Volunteer.swift in Sources */,
				C72032F7275A4BBF0046C48D /* DropDown.swift in Sources */,
				C701D2B0275BBA7400A0B1B8 /* UIApplication+Ex.swift in Sources */,
				C743A81A275682E300F9D6FC /* GenericFont.swift in Sources */,
				C701D2B9275BF23900A0B1B8 /* HomeViewModel.swift in Sources */,
				C743A8082756797400F9D6FC /* AppDelegate.swift in Sources */,
				C701D280275AA2E500A0B1B8 /* HomeView.swift in Sources */,
				C743A8212756847600F9D6FC /* Int+Ex.swift in Sources */,
				C701D27C275AA20C00A0B1B8 /* AUSTTravel.swift in Sources */,
				C701D282275AA31800A0B1B8 /* AuthView.swift in Sources */,
				C701D29B275AA6F300A0B1B8 /* UserInfo.swift in Sources */,
				C701D2B5275BDE3200A0B1B8 /* ABURLImage.swift in Sources */,
				C701D2AE275BAACC00A0B1B8 /* HapticFeedback.swift in Sources */,
				C701D29E275AA93000A0B1B8 /* AuthViewModel.swift in Sources */,
				C701D2B7275BE4AF00A0B1B8 /* Defaults+Ex.swift in Sources */,
				C701D2A6275ABCC200A0B1B8 /* Icon.swift in Sources */,
				C743A7DE27566C6E00F9D6FC /* ContentView.swift in Sources */,
				C72032F9275A62E30046C48D /* SignUpView.swift in Sources */,
				C743A82427569CAA00F9D6FC /* SignInView.swift in Sources */,
				C743A8072756797400F9D6FC /* SceneDelegate.swift in Sources */,
				C743A81D275683E500F9D6FC /* Color+Ex.swift in Sources */,
				C743A8382757B15A00F9D6FC /* ABButton.swift in Sources */,
				C701D2AC275B7C7600A0B1B8 /* ABTextField.swift in Sources */,
				C701D27A275AA1B200A0B1B8 /* AuthState.swift in Sources */,
				C701D277275A923800A0B1B8 /* ForgotPasswordView.swift in Sources */,
				C743A81F2756843100F9D6FC /* View+Ex.swift in Sources */,
			);
			runOnlyForDeploymentPostprocessing = 0;
		};
		C743A7E427566C7200F9D6FC /* Sources */ = {
			isa = PBXSourcesBuildPhase;
			buildActionMask = 2147483647;
			files = (
				C743A7ED27566C7200F9D6FC /* AUSTTravelsTests.swift in Sources */,
			);
			runOnlyForDeploymentPostprocessing = 0;
		};
		C743A7EE27566C7200F9D6FC /* Sources */ = {
			isa = PBXSourcesBuildPhase;
			buildActionMask = 2147483647;
			files = (
				C743A7F727566C7200F9D6FC /* AUSTTravelsUITests.swift in Sources */,
				C743A7F927566C7200F9D6FC /* AUSTTravelsUITestsLaunchTests.swift in Sources */,
			);
			runOnlyForDeploymentPostprocessing = 0;
		};
/* End PBXSourcesBuildPhase section */

/* Begin PBXTargetDependency section */
		C743A7EA27566C7200F9D6FC /* PBXTargetDependency */ = {
			isa = PBXTargetDependency;
			target = C743A7D727566C6E00F9D6FC /* AUSTTravels */;
			targetProxy = C743A7E927566C7200F9D6FC /* PBXContainerItemProxy */;
		};
		C743A7F427566C7200F9D6FC /* PBXTargetDependency */ = {
			isa = PBXTargetDependency;
			target = C743A7D727566C6E00F9D6FC /* AUSTTravels */;
			targetProxy = C743A7F327566C7200F9D6FC /* PBXContainerItemProxy */;
		};
/* End PBXTargetDependency section */

/* Begin XCBuildConfiguration section */
		C743A7FA27566C7200F9D6FC /* Debug */ = {
			isa = XCBuildConfiguration;
			buildSettings = {
				ALWAYS_SEARCH_USER_PATHS = NO;
				CLANG_ANALYZER_NONNULL = YES;
				CLANG_ANALYZER_NUMBER_OBJECT_CONVERSION = YES_AGGRESSIVE;
				CLANG_CXX_LANGUAGE_STANDARD = "gnu++17";
				CLANG_CXX_LIBRARY = "libc++";
				CLANG_ENABLE_MODULES = YES;
				CLANG_ENABLE_OBJC_ARC = YES;
				CLANG_ENABLE_OBJC_WEAK = YES;
				CLANG_WARN_BLOCK_CAPTURE_AUTORELEASING = YES;
				CLANG_WARN_BOOL_CONVERSION = YES;
				CLANG_WARN_COMMA = YES;
				CLANG_WARN_CONSTANT_CONVERSION = YES;
				CLANG_WARN_DEPRECATED_OBJC_IMPLEMENTATIONS = YES;
				CLANG_WARN_DIRECT_OBJC_ISA_USAGE = YES_ERROR;
				CLANG_WARN_DOCUMENTATION_COMMENTS = YES;
				CLANG_WARN_EMPTY_BODY = YES;
				CLANG_WARN_ENUM_CONVERSION = YES;
				CLANG_WARN_INFINITE_RECURSION = YES;
				CLANG_WARN_INT_CONVERSION = YES;
				CLANG_WARN_NON_LITERAL_NULL_CONVERSION = YES;
				CLANG_WARN_OBJC_IMPLICIT_RETAIN_SELF = YES;
				CLANG_WARN_OBJC_LITERAL_CONVERSION = YES;
				CLANG_WARN_OBJC_ROOT_CLASS = YES_ERROR;
				CLANG_WARN_QUOTED_INCLUDE_IN_FRAMEWORK_HEADER = YES;
				CLANG_WARN_RANGE_LOOP_ANALYSIS = YES;
				CLANG_WARN_STRICT_PROTOTYPES = YES;
				CLANG_WARN_SUSPICIOUS_MOVE = YES;
				CLANG_WARN_UNGUARDED_AVAILABILITY = YES_AGGRESSIVE;
				CLANG_WARN_UNREACHABLE_CODE = YES;
				CLANG_WARN__DUPLICATE_METHOD_MATCH = YES;
				COPY_PHASE_STRIP = NO;
				DEBUG_INFORMATION_FORMAT = dwarf;
				ENABLE_STRICT_OBJC_MSGSEND = YES;
				ENABLE_TESTABILITY = YES;
				GCC_C_LANGUAGE_STANDARD = gnu11;
				GCC_DYNAMIC_NO_PIC = NO;
				GCC_NO_COMMON_BLOCKS = YES;
				GCC_OPTIMIZATION_LEVEL = 0;
				GCC_PREPROCESSOR_DEFINITIONS = (
					"DEBUG=1",
					"$(inherited)",
				);
				GCC_WARN_64_TO_32_BIT_CONVERSION = YES;
				GCC_WARN_ABOUT_RETURN_TYPE = YES_ERROR;
				GCC_WARN_UNDECLARED_SELECTOR = YES;
				GCC_WARN_UNINITIALIZED_AUTOS = YES_AGGRESSIVE;
				GCC_WARN_UNUSED_FUNCTION = YES;
				GCC_WARN_UNUSED_VARIABLE = YES;
				IPHONEOS_DEPLOYMENT_TARGET = 13.0;
				MTL_ENABLE_DEBUG_INFO = INCLUDE_SOURCE;
				MTL_FAST_MATH = YES;
				ONLY_ACTIVE_ARCH = YES;
				SDKROOT = iphoneos;
				SWIFT_ACTIVE_COMPILATION_CONDITIONS = DEBUG;
				SWIFT_OPTIMIZATION_LEVEL = "-Onone";
			};
			name = Debug;
		};
		C743A7FB27566C7200F9D6FC /* Release */ = {
			isa = XCBuildConfiguration;
			buildSettings = {
				ALWAYS_SEARCH_USER_PATHS = NO;
				CLANG_ANALYZER_NONNULL = YES;
				CLANG_ANALYZER_NUMBER_OBJECT_CONVERSION = YES_AGGRESSIVE;
				CLANG_CXX_LANGUAGE_STANDARD = "gnu++17";
				CLANG_CXX_LIBRARY = "libc++";
				CLANG_ENABLE_MODULES = YES;
				CLANG_ENABLE_OBJC_ARC = YES;
				CLANG_ENABLE_OBJC_WEAK = YES;
				CLANG_WARN_BLOCK_CAPTURE_AUTORELEASING = YES;
				CLANG_WARN_BOOL_CONVERSION = YES;
				CLANG_WARN_COMMA = YES;
				CLANG_WARN_CONSTANT_CONVERSION = YES;
				CLANG_WARN_DEPRECATED_OBJC_IMPLEMENTATIONS = YES;
				CLANG_WARN_DIRECT_OBJC_ISA_USAGE = YES_ERROR;
				CLANG_WARN_DOCUMENTATION_COMMENTS = YES;
				CLANG_WARN_EMPTY_BODY = YES;
				CLANG_WARN_ENUM_CONVERSION = YES;
				CLANG_WARN_INFINITE_RECURSION = YES;
				CLANG_WARN_INT_CONVERSION = YES;
				CLANG_WARN_NON_LITERAL_NULL_CONVERSION = YES;
				CLANG_WARN_OBJC_IMPLICIT_RETAIN_SELF = YES;
				CLANG_WARN_OBJC_LITERAL_CONVERSION = YES;
				CLANG_WARN_OBJC_ROOT_CLASS = YES_ERROR;
				CLANG_WARN_QUOTED_INCLUDE_IN_FRAMEWORK_HEADER = YES;
				CLANG_WARN_RANGE_LOOP_ANALYSIS = YES;
				CLANG_WARN_STRICT_PROTOTYPES = YES;
				CLANG_WARN_SUSPICIOUS_MOVE = YES;
				CLANG_WARN_UNGUARDED_AVAILABILITY = YES_AGGRESSIVE;
				CLANG_WARN_UNREACHABLE_CODE = YES;
				CLANG_WARN__DUPLICATE_METHOD_MATCH = YES;
				COPY_PHASE_STRIP = NO;
				DEBUG_INFORMATION_FORMAT = "dwarf-with-dsym";
				ENABLE_NS_ASSERTIONS = NO;
				ENABLE_STRICT_OBJC_MSGSEND = YES;
				GCC_C_LANGUAGE_STANDARD = gnu11;
				GCC_NO_COMMON_BLOCKS = YES;
				GCC_WARN_64_TO_32_BIT_CONVERSION = YES;
				GCC_WARN_ABOUT_RETURN_TYPE = YES_ERROR;
				GCC_WARN_UNDECLARED_SELECTOR = YES;
				GCC_WARN_UNINITIALIZED_AUTOS = YES_AGGRESSIVE;
				GCC_WARN_UNUSED_FUNCTION = YES;
				GCC_WARN_UNUSED_VARIABLE = YES;
				IPHONEOS_DEPLOYMENT_TARGET = 13.0;
				MTL_ENABLE_DEBUG_INFO = NO;
				MTL_FAST_MATH = YES;
				SDKROOT = iphoneos;
				SWIFT_COMPILATION_MODE = wholemodule;
				SWIFT_OPTIMIZATION_LEVEL = "-O";
				VALIDATE_PRODUCT = YES;
			};
			name = Release;
		};
		C743A7FD27566C7200F9D6FC /* Debug */ = {
			isa = XCBuildConfiguration;
			buildSettings = {
				ASSETCATALOG_COMPILER_APPICON_NAME = AppIcon;
				ASSETCATALOG_COMPILER_GLOBAL_ACCENT_COLOR_NAME = AccentColor;
				CODE_SIGN_STYLE = Automatic;
				CURRENT_PROJECT_VERSION = 1;
				DEVELOPMENT_ASSET_PATHS = "\"AUSTTravels/Preview Content\"";
				DEVELOPMENT_TEAM = J4SV74FUBV;
				ENABLE_PREVIEWS = YES;
				GENERATE_INFOPLIST_FILE = YES;
				INFOPLIST_FILE = AUSTTravels/Info.plist;
				INFOPLIST_KEY_CFBundleDisplayName = "Aust Travels";
				INFOPLIST_KEY_UIApplicationSupportsIndirectInputEvents = YES;
				INFOPLIST_KEY_UILaunchStoryboardName = "Launch Screen";
				INFOPLIST_KEY_UISupportedInterfaceOrientations = UIInterfaceOrientationPortrait;
				INFOPLIST_KEY_UISupportedInterfaceOrientations_iPad = "UIInterfaceOrientationPortrait UIInterfaceOrientationPortraitUpsideDown UIInterfaceOrientationLandscapeLeft UIInterfaceOrientationLandscapeRight";
				INFOPLIST_KEY_UISupportedInterfaceOrientations_iPhone = "UIInterfaceOrientationPortrait UIInterfaceOrientationLandscapeLeft UIInterfaceOrientationLandscapeRight";
				LD_RUNPATH_SEARCH_PATHS = (
					"$(inherited)",
					"@executable_path/Frameworks",
				);
				MARKETING_VERSION = 1.0;
				PRODUCT_BUNDLE_IDENTIFIER = snnafi.aust.travels;
				PRODUCT_NAME = "$(TARGET_NAME)";
				SWIFT_EMIT_LOC_STRINGS = YES;
				SWIFT_VERSION = 5.0;
				TARGETED_DEVICE_FAMILY = "1,2";
			};
			name = Debug;
		};
		C743A7FE27566C7200F9D6FC /* Release */ = {
			isa = XCBuildConfiguration;
			buildSettings = {
				ASSETCATALOG_COMPILER_APPICON_NAME = AppIcon;
				ASSETCATALOG_COMPILER_GLOBAL_ACCENT_COLOR_NAME = AccentColor;
				CODE_SIGN_STYLE = Automatic;
				CURRENT_PROJECT_VERSION = 1;
				DEVELOPMENT_ASSET_PATHS = "\"AUSTTravels/Preview Content\"";
				DEVELOPMENT_TEAM = J4SV74FUBV;
				ENABLE_PREVIEWS = YES;
				GENERATE_INFOPLIST_FILE = YES;
				INFOPLIST_FILE = AUSTTravels/Info.plist;
				INFOPLIST_KEY_CFBundleDisplayName = "Aust Travels";
				INFOPLIST_KEY_UIApplicationSupportsIndirectInputEvents = YES;
				INFOPLIST_KEY_UILaunchStoryboardName = "Launch Screen";
				INFOPLIST_KEY_UISupportedInterfaceOrientations = UIInterfaceOrientationPortrait;
				INFOPLIST_KEY_UISupportedInterfaceOrientations_iPad = "UIInterfaceOrientationPortrait UIInterfaceOrientationPortraitUpsideDown UIInterfaceOrientationLandscapeLeft UIInterfaceOrientationLandscapeRight";
				INFOPLIST_KEY_UISupportedInterfaceOrientations_iPhone = "UIInterfaceOrientationPortrait UIInterfaceOrientationLandscapeLeft UIInterfaceOrientationLandscapeRight";
				LD_RUNPATH_SEARCH_PATHS = (
					"$(inherited)",
					"@executable_path/Frameworks",
				);
				MARKETING_VERSION = 1.0;
				PRODUCT_BUNDLE_IDENTIFIER = snnafi.aust.travels;
				PRODUCT_NAME = "$(TARGET_NAME)";
				SWIFT_EMIT_LOC_STRINGS = YES;
				SWIFT_VERSION = 5.0;
				TARGETED_DEVICE_FAMILY = "1,2";
			};
			name = Release;
		};
		C743A80027566C7200F9D6FC /* Debug */ = {
			isa = XCBuildConfiguration;
			buildSettings = {
				ALWAYS_EMBED_SWIFT_STANDARD_LIBRARIES = YES;
				BUNDLE_LOADER = "$(TEST_HOST)";
				CODE_SIGN_STYLE = Automatic;
				CURRENT_PROJECT_VERSION = 1;
				DEVELOPMENT_TEAM = J4SV74FUBV;
				GENERATE_INFOPLIST_FILE = YES;
				IPHONEOS_DEPLOYMENT_TARGET = 15.0;
				LD_RUNPATH_SEARCH_PATHS = (
					"$(inherited)",
					"@executable_path/Frameworks",
					"@loader_path/Frameworks",
				);
				MARKETING_VERSION = 1.0;
				PRODUCT_BUNDLE_IDENTIFIER = snnafi.AUSTTravelsTests;
				PRODUCT_NAME = "$(TARGET_NAME)";
				SWIFT_EMIT_LOC_STRINGS = NO;
				SWIFT_VERSION = 5.0;
				TARGETED_DEVICE_FAMILY = "1,2";
				TEST_HOST = "$(BUILT_PRODUCTS_DIR)/AUSTTravels.app/AUSTTravels";
			};
			name = Debug;
		};
		C743A80127566C7200F9D6FC /* Release */ = {
			isa = XCBuildConfiguration;
			buildSettings = {
				ALWAYS_EMBED_SWIFT_STANDARD_LIBRARIES = YES;
				BUNDLE_LOADER = "$(TEST_HOST)";
				CODE_SIGN_STYLE = Automatic;
				CURRENT_PROJECT_VERSION = 1;
				DEVELOPMENT_TEAM = J4SV74FUBV;
				GENERATE_INFOPLIST_FILE = YES;
				IPHONEOS_DEPLOYMENT_TARGET = 15.0;
				LD_RUNPATH_SEARCH_PATHS = (
					"$(inherited)",
					"@executable_path/Frameworks",
					"@loader_path/Frameworks",
				);
				MARKETING_VERSION = 1.0;
				PRODUCT_BUNDLE_IDENTIFIER = snnafi.AUSTTravelsTests;
				PRODUCT_NAME = "$(TARGET_NAME)";
				SWIFT_EMIT_LOC_STRINGS = NO;
				SWIFT_VERSION = 5.0;
				TARGETED_DEVICE_FAMILY = "1,2";
				TEST_HOST = "$(BUILT_PRODUCTS_DIR)/AUSTTravels.app/AUSTTravels";
			};
			name = Release;
		};
		C743A80327566C7200F9D6FC /* Debug */ = {
			isa = XCBuildConfiguration;
			buildSettings = {
				ALWAYS_EMBED_SWIFT_STANDARD_LIBRARIES = YES;
				CODE_SIGN_STYLE = Automatic;
				CURRENT_PROJECT_VERSION = 1;
				DEVELOPMENT_TEAM = J4SV74FUBV;
				GENERATE_INFOPLIST_FILE = YES;
				LD_RUNPATH_SEARCH_PATHS = (
					"$(inherited)",
					"@executable_path/Frameworks",
					"@loader_path/Frameworks",
				);
				MARKETING_VERSION = 1.0;
				PRODUCT_BUNDLE_IDENTIFIER = snnafi.AUSTTravelsUITests;
				PRODUCT_NAME = "$(TARGET_NAME)";
				SWIFT_EMIT_LOC_STRINGS = NO;
				SWIFT_VERSION = 5.0;
				TARGETED_DEVICE_FAMILY = "1,2";
				TEST_TARGET_NAME = AUSTTravels;
			};
			name = Debug;
		};
		C743A80427566C7200F9D6FC /* Release */ = {
			isa = XCBuildConfiguration;
			buildSettings = {
				ALWAYS_EMBED_SWIFT_STANDARD_LIBRARIES = YES;
				CODE_SIGN_STYLE = Automatic;
				CURRENT_PROJECT_VERSION = 1;
				DEVELOPMENT_TEAM = J4SV74FUBV;
				GENERATE_INFOPLIST_FILE = YES;
				LD_RUNPATH_SEARCH_PATHS = (
					"$(inherited)",
					"@executable_path/Frameworks",
					"@loader_path/Frameworks",
				);
				MARKETING_VERSION = 1.0;
				PRODUCT_BUNDLE_IDENTIFIER = snnafi.AUSTTravelsUITests;
				PRODUCT_NAME = "$(TARGET_NAME)";
				SWIFT_EMIT_LOC_STRINGS = NO;
				SWIFT_VERSION = 5.0;
				TARGETED_DEVICE_FAMILY = "1,2";
				TEST_TARGET_NAME = AUSTTravels;
			};
			name = Release;
		};
/* End XCBuildConfiguration section */

/* Begin XCConfigurationList section */
		C743A7D327566C6E00F9D6FC /* Build configuration list for PBXProject "AUSTTravels" */ = {
			isa = XCConfigurationList;
			buildConfigurations = (
				C743A7FA27566C7200F9D6FC /* Debug */,
				C743A7FB27566C7200F9D6FC /* Release */,
			);
			defaultConfigurationIsVisible = 0;
			defaultConfigurationName = Release;
		};
		C743A7FC27566C7200F9D6FC /* Build configuration list for PBXNativeTarget "AUSTTravels" */ = {
			isa = XCConfigurationList;
			buildConfigurations = (
				C743A7FD27566C7200F9D6FC /* Debug */,
				C743A7FE27566C7200F9D6FC /* Release */,
			);
			defaultConfigurationIsVisible = 0;
			defaultConfigurationName = Release;
		};
		C743A7FF27566C7200F9D6FC /* Build configuration list for PBXNativeTarget "AUSTTravelsTests" */ = {
			isa = XCConfigurationList;
			buildConfigurations = (
				C743A80027566C7200F9D6FC /* Debug */,
				C743A80127566C7200F9D6FC /* Release */,
			);
			defaultConfigurationIsVisible = 0;
			defaultConfigurationName = Release;
		};
		C743A80227566C7200F9D6FC /* Build configuration list for PBXNativeTarget "AUSTTravelsUITests" */ = {
			isa = XCConfigurationList;
			buildConfigurations = (
				C743A80327566C7200F9D6FC /* Debug */,
				C743A80427566C7200F9D6FC /* Release */,
			);
			defaultConfigurationIsVisible = 0;
			defaultConfigurationName = Release;
		};
/* End XCConfigurationList section */

/* Begin XCRemoteSwiftPackageReference section */
		C701D285275AA5FC00A0B1B8 /* XCRemoteSwiftPackageReference "firebase-ios-sdk" */ = {
			isa = XCRemoteSwiftPackageReference;
			repositoryURL = "https://github.com/firebase/firebase-ios-sdk.git";
			requirement = {
				kind = upToNextMajorVersion;
				minimumVersion = 8.0.0;
			};
		};
		C701D29F275AA9A600A0B1B8 /* XCRemoteSwiftPackageReference "Defaults" */ = {
			isa = XCRemoteSwiftPackageReference;
			repositoryURL = "https://github.com/sindresorhus/Defaults";
			requirement = {
				kind = upToNextMajorVersion;
				minimumVersion = 6.0.0;
			};
		};
		C701D2A2275ABA9A00A0B1B8 /* XCRemoteSwiftPackageReference "SPAlert" */ = {
			isa = XCRemoteSwiftPackageReference;
			repositoryURL = "https://github.com/ivanvorobei/SPAlert";
			requirement = {
				kind = upToNextMajorVersion;
				minimumVersion = 3.0.0;
			};
		};
/* End XCRemoteSwiftPackageReference section */

/* Begin XCSwiftPackageProductDependency section */
		C701D286275AA5FC00A0B1B8 /* FirebaseAnalytics */ = {
			isa = XCSwiftPackageProductDependency;
			package = C701D285275AA5FC00A0B1B8 /* XCRemoteSwiftPackageReference "firebase-ios-sdk" */;
			productName = FirebaseAnalytics;
		};
		C701D288275AA5FC00A0B1B8 /* FirebaseAnalyticsSwift-Beta */ = {
			isa = XCSwiftPackageProductDependency;
			package = C701D285275AA5FC00A0B1B8 /* XCRemoteSwiftPackageReference "firebase-ios-sdk" */;
			productName = "FirebaseAnalyticsSwift-Beta";
		};
		C701D28A275AA5FC00A0B1B8 /* FirebaseAuth */ = {
			isa = XCSwiftPackageProductDependency;
			package = C701D285275AA5FC00A0B1B8 /* XCRemoteSwiftPackageReference "firebase-ios-sdk" */;
			productName = FirebaseAuth;
		};
		C701D28C275AA5FC00A0B1B8 /* FirebaseAuthCombine-Community */ = {
			isa = XCSwiftPackageProductDependency;
			package = C701D285275AA5FC00A0B1B8 /* XCRemoteSwiftPackageReference "firebase-ios-sdk" */;
			productName = "FirebaseAuthCombine-Community";
		};
		C701D28E275AA5FC00A0B1B8 /* FirebaseCrashlytics */ = {
			isa = XCSwiftPackageProductDependency;
			package = C701D285275AA5FC00A0B1B8 /* XCRemoteSwiftPackageReference "firebase-ios-sdk" */;
			productName = FirebaseCrashlytics;
		};
		C701D290275AA5FC00A0B1B8 /* FirebaseDatabase */ = {
			isa = XCSwiftPackageProductDependency;
			package = C701D285275AA5FC00A0B1B8 /* XCRemoteSwiftPackageReference "firebase-ios-sdk" */;
			productName = FirebaseDatabase;
		};
		C701D292275AA5FC00A0B1B8 /* FirebaseDatabaseSwift-Beta */ = {
			isa = XCSwiftPackageProductDependency;
			package = C701D285275AA5FC00A0B1B8 /* XCRemoteSwiftPackageReference "firebase-ios-sdk" */;
			productName = "FirebaseDatabaseSwift-Beta";
		};
		C701D294275AA5FC00A0B1B8 /* FirebaseInAppMessaging-Beta */ = {
			isa = XCSwiftPackageProductDependency;
			package = C701D285275AA5FC00A0B1B8 /* XCRemoteSwiftPackageReference "firebase-ios-sdk" */;
			productName = "FirebaseInAppMessaging-Beta";
		};
		C701D296275AA5FC00A0B1B8 /* FirebaseMessaging */ = {
			isa = XCSwiftPackageProductDependency;
			package = C701D285275AA5FC00A0B1B8 /* XCRemoteSwiftPackageReference "firebase-ios-sdk" */;
			productName = FirebaseMessaging;
		};
		C701D298275AA5FC00A0B1B8 /* FirebasePerformance */ = {
			isa = XCSwiftPackageProductDependency;
			package = C701D285275AA5FC00A0B1B8 /* XCRemoteSwiftPackageReference "firebase-ios-sdk" */;
			productName = FirebasePerformance;
		};
		C701D2A0275AA9A600A0B1B8 /* Defaults */ = {
			isa = XCSwiftPackageProductDependency;
			package = C701D29F275AA9A600A0B1B8 /* XCRemoteSwiftPackageReference "Defaults" */;
			productName = Defaults;
		};
		C701D2A3275ABA9A00A0B1B8 /* SPAlert */ = {
			isa = XCSwiftPackageProductDependency;
			package = C701D2A2275ABA9A00A0B1B8 /* XCRemoteSwiftPackageReference "SPAlert" */;
			productName = SPAlert;
		};
/* End XCSwiftPackageProductDependency section */
	};
	rootObject = C743A7D027566C6E00F9D6FC /* Project object */;
}
